
Microsoft Visual Studio Solution File, Format Version 12.00
# Visual Studio Version 17
VisualStudioVersion = 17.1.32228.430
MinimumVisualStudioVersion = 10.0.40219.1
Project("{FAE04EC0-301F-11D3-BF4B-00C04F79EFBC}") = "Lesson0", "Lesson0\Lesson0.csproj", "{FC89E7BA-98B9-4964-9050-D9E4B8F81A09}"
EndProject
Global
	GlobalSection(SolutionConfigurationPlatforms) = preSolution
		Debug|Any CPU = Debug|Any CPU
		Release|Any CPU = Release|Any CPU
	EndGlobalSection
	GlobalSection(ProjectConfigurationPlatforms) = postSolution
		{FC89E7BA-98B9-4964-9050-D9E4B8F81A09}.Debug|Any CPU.ActiveCfg = Debug|Any CPU
		{FC89E7BA-98B9-4964-9050-D9E4B8F81A09}.Debug|Any CPU.Build.0 = Debug|Any CPU
		{FC89E7BA-98B9-4964-9050-D9E4B8F81A09}.Release|Any CPU.ActiveCfg = Release|Any CPU
		{FC89E7BA-98B9-4964-9050-D9E4B8F81A09}.Release|Any CPU.Build.0 = Release|Any CPU
	EndGlobalSection
	GlobalSection(SolutionProperties) = preSolution
		HideSolutionNode = FALSE
	EndGlobalSection
	GlobalSection(ExtensibilityGlobals) = postSolution
		SolutionGuid = {8394B94F-B681-42BD-8C82-71BFF0B057C9}
	EndGlobalSection
EndGlobal
